# This file is generated by running "yarn install" inside your project.
# Manual changes might be lost - proceed with caution!

__metadata:
  version: 8
  cacheKey: 10

"@midnight-ntwrk/university-api@workspace:VoteGuardian/university-api":
  version: 0.0.0-use.local
  resolution: "@midnight-ntwrk/university-api@workspace:VoteGuardian/university-api"
  dependencies:
    "@types/cors": "npm:^2.8.17"
    buffer: "npm:^6.0.3"
    cors: "npm:^2.8.5"
    eslint: "npm:^8.52.0"
    eslint-config-standard-with-typescript: "npm:^39.1.1"
    jest: "npm:^29.7.0"
    ts-loader: "npm:^9.5.1"
    ts-node: "npm:^10.9.1"
    typescript: "npm:^5.2.2"
    webpack: "npm:^5.97.1"
    webpack-cli: "npm:^6.0.1"
    webpack-node-externals: "npm:^3.0.0"
  languageName: unknown
  linkType: soft